// !$*UTF8*$!
{
	archiveVersion = 1;
	classes = {
	};
	objectVersion = 50;
	objects = {

/* Begin PBXBuildFile section */
		EE6A690E21E6205B00B57CC2 /* Flowplayer.framework in Frameworks */ = {isa = PBXBuildFile; fileRef = EE6A690B21E6205200B57CC2 /* Flowplayer.framework */; };
		EE6A690F21E6205B00B57CC2 /* Flowplayer.framework in Embed Frameworks */ = {isa = PBXBuildFile; fileRef = EE6A690B21E6205200B57CC2 /* Flowplayer.framework */; settings = {ATTRIBUTES = (CodeSignOnCopy, RemoveHeadersOnCopy, ); }; };
		EEADF4F121E4DF4F000978C2 /* AppDelegate.swift in Sources */ = {isa = PBXBuildFile; fileRef = EEADF4F021E4DF4F000978C2 /* AppDelegate.swift */; };
		EEADF4F321E4DF4F000978C2 /* ViewController.swift in Sources */ = {isa = PBXBuildFile; fileRef = EEADF4F221E4DF4F000978C2 /* ViewController.swift */; };
		EEADF4F621E4DF4F000978C2 /* Main.storyboard in Resources */ = {isa = PBXBuildFile; fileRef = EEADF4F421E4DF4F000978C2 /* Main.storyboard */; };
		EEADF4F821E4DF51000978C2 /* Assets.xcassets in Resources */ = {isa = PBXBuildFile; fileRef = EEADF4F721E4DF51000978C2 /* Assets.xcassets */; };
		EEADF4FB21E4DF51000978C2 /* LaunchScreen.storyboard in Resources */ = {isa = PBXBuildFile; fileRef = EEADF4F921E4DF51000978C2 /* LaunchScreen.storyboard */; };
/* End PBXBuildFile section */

/* Begin PBXContainerItemProxy section */
		EE6A690A21E6205200B57CC2 /* PBXContainerItemProxy */ = {
			isa = PBXContainerItemProxy;
			containerPortal = EE6A690521E6205200B57CC2 /* Flowplayer.xcodeproj */;
			proxyType = 2;
			remoteGlobalIDString = EE6B0F3A21E3ED0C00C2F4F4;
			remoteInfo = Flowplayer;
		};
		EE6A690C21E6205200B57CC2 /* PBXContainerItemProxy */ = {
			isa = PBXContainerItemProxy;
			containerPortal = EE6A690521E6205200B57CC2 /* Flowplayer.xcodeproj */;
			proxyType = 2;
			remoteGlobalIDString = EE6B0F4321E3ED0C00C2F4F4;
			remoteInfo = FlowplayerTests;
		};
		EE6A691021E6205B00B57CC2 /* PBXContainerItemProxy */ = {
			isa = PBXContainerItemProxy;
			containerPortal = EE6A690521E6205200B57CC2 /* Flowplayer.xcodeproj */;
			proxyType = 1;
			remoteGlobalIDString = EE6B0F3921E3ED0C00C2F4F4;
			remoteInfo = Flowplayer;
		};
/* End PBXContainerItemProxy section */

/* Begin PBXCopyFilesBuildPhase section */
		EEADF51B21E4E142000978C2 /* Embed Frameworks */ = {
			isa = PBXCopyFilesBuildPhase;
			buildActionMask = 2147483647;
			dstPath = "";
			dstSubfolderSpec = 10;
			files = (
				EE6A690F21E6205B00B57CC2 /* Flowplayer.framework in Embed Frameworks */,
			);
			name = "Embed Frameworks";
			runOnlyForDeploymentPostprocessing = 0;
		};
/* End PBXCopyFilesBuildPhase section */

/* Begin PBXFileReference section */
		EE6A690521E6205200B57CC2 /* Flowplayer.xcodeproj */ = {isa = PBXFileReference; lastKnownFileType = "wrapper.pb-project"; name = Flowplayer.xcodeproj; path = ../Flowplayer.xcodeproj; sourceTree = "<group>"; };
		EEADF4ED21E4DF4F000978C2 /* Flowplayer-swift-example.app */ = {isa = PBXFileReference; explicitFileType = wrapper.application; includeInIndex = 0; path = "Flowplayer-swift-example.app"; sourceTree = BUILT_PRODUCTS_DIR; };
		EEADF4F021E4DF4F000978C2 /* AppDelegate.swift */ = {isa = PBXFileReference; lastKnownFileType = sourcecode.swift; path = AppDelegate.swift; sourceTree = "<group>"; };
		EEADF4F221E4DF4F000978C2 /* ViewController.swift */ = {isa = PBXFileReference; lastKnownFileType = sourcecode.swift; path = ViewController.swift; sourceTree = "<group>"; };
		EEADF4F521E4DF4F000978C2 /* Base */ = {isa = PBXFileReference; lastKnownFileType = file.storyboard; name = Base; path = Base.lproj/Main.storyboard; sourceTree = "<group>"; };
		EEADF4F721E4DF51000978C2 /* Assets.xcassets */ = {isa = PBXFileReference; lastKnownFileType = folder.assetcatalog; path = Assets.xcassets; sourceTree = "<group>"; };
		EEADF4FA21E4DF51000978C2 /* Base */ = {isa = PBXFileReference; lastKnownFileType = file.storyboard; name = Base; path = Base.lproj/LaunchScreen.storyboard; sourceTree = "<group>"; };
		EEADF4FC21E4DF51000978C2 /* Info.plist */ = {isa = PBXFileReference; lastKnownFileType = text.plist.xml; path = Info.plist; sourceTree = "<group>"; };
/* End PBXFileReference section */

/* Begin PBXFrameworksBuildPhase section */
		EEADF4EA21E4DF4F000978C2 /* Frameworks */ = {
			isa = PBXFrameworksBuildPhase;
			buildActionMask = 2147483647;
			files = (
				EE6A690E21E6205B00B57CC2 /* Flowplayer.framework in Frameworks */,
			);
			runOnlyForDeploymentPostprocessing = 0;
		};
/* End PBXFrameworksBuildPhase section */

/* Begin PBXGroup section */
		EE6A690621E6205200B57CC2 /* Products */ = {
			isa = PBXGroup;
			children = (
				EE6A690B21E6205200B57CC2 /* Flowplayer.framework */,
				EE6A690D21E6205200B57CC2 /* FlowplayerTests.xctest */,
			);
			name = Products;
			sourceTree = "<group>";
		};
		EEADF4E421E4DF4F000978C2 = {
			isa = PBXGroup;
			children = (
				EE6A690521E6205200B57CC2 /* Flowplayer.xcodeproj */,
				EEADF4EF21E4DF4F000978C2 /* Flowplayer-swift-example */,
				EEADF4EE21E4DF4F000978C2 /* Products */,
			);
			sourceTree = "<group>";
		};
		EEADF4EE21E4DF4F000978C2 /* Products */ = {
			isa = PBXGroup;
			children = (
				EEADF4ED21E4DF4F000978C2 /* Flowplayer-swift-example.app */,
			);
			name = Products;
			sourceTree = "<group>";
		};
		EEADF4EF21E4DF4F000978C2 /* Flowplayer-swift-example */ = {
			isa = PBXGroup;
			children = (
				EEADF4F021E4DF4F000978C2 /* AppDelegate.swift */,
				EEADF4F221E4DF4F000978C2 /* ViewController.swift */,
				EEADF4F421E4DF4F000978C2 /* Main.storyboard */,
				EEADF4F721E4DF51000978C2 /* Assets.xcassets */,
				EEADF4F921E4DF51000978C2 /* LaunchScreen.storyboard */,
				EEADF4FC21E4DF51000978C2 /* Info.plist */,
			);
			path = "Flowplayer-swift-example";
			sourceTree = "<group>";
		};
/* End PBXGroup section */

/* Begin PBXNativeTarget section */
		EEADF4EC21E4DF4F000978C2 /* Flowplayer-swift-example */ = {
			isa = PBXNativeTarget;
			buildConfigurationList = EEADF4FF21E4DF51000978C2 /* Build configuration list for PBXNativeTarget "Flowplayer-swift-example" */;
			buildPhases = (
				EEADF4E921E4DF4F000978C2 /* Sources */,
				EEADF4EA21E4DF4F000978C2 /* Frameworks */,
				EEADF4EB21E4DF4F000978C2 /* Resources */,
				EEADF51B21E4E142000978C2 /* Embed Frameworks */,
			);
			buildRules = (
			);
			dependencies = (
				EE6A691121E6205B00B57CC2 /* PBXTargetDependency */,
			);
			name = "Flowplayer-swift-example";
			productName = "Flowplayer-swift-example";
			productReference = EEADF4ED21E4DF4F000978C2 /* Flowplayer-swift-example.app */;
			productType = "com.apple.product-type.application";
		};
/* End PBXNativeTarget section */

/* Begin PBXProject section */
		EEADF4E521E4DF4F000978C2 /* Project object */ = {
			isa = PBXProject;
			attributes = {
				LastSwiftUpdateCheck = 1010;
				LastUpgradeCheck = 1010;
				ORGANIZATIONNAME = com.appshack;
				TargetAttributes = {
					EEADF4EC21E4DF4F000978C2 = {
						CreatedOnToolsVersion = 10.1;
					};
				};
			};
			buildConfigurationList = EEADF4E821E4DF4F000978C2 /* Build configuration list for PBXProject "Flowplayer-swift-example" */;
			compatibilityVersion = "Xcode 9.3";
			developmentRegion = en;
			hasScannedForEncodings = 0;
			knownRegions = (
				en,
				Base,
			);
			mainGroup = EEADF4E421E4DF4F000978C2;
			productRefGroup = EEADF4EE21E4DF4F000978C2 /* Products */;
			projectDirPath = "";
			projectReferences = (
				{
					ProductGroup = EE6A690621E6205200B57CC2 /* Products */;
					ProjectRef = EE6A690521E6205200B57CC2 /* Flowplayer.xcodeproj */;
				},
			);
			projectRoot = "";
			targets = (
				EEADF4EC21E4DF4F000978C2 /* Flowplayer-swift-example */,
			);
		};
/* End PBXProject section */

/* Begin PBXReferenceProxy section */
		EE6A690B21E6205200B57CC2 /* Flowplayer.framework */ = {
			isa = PBXReferenceProxy;
			fileType = wrapper.framework;
			path = Flowplayer.framework;
			remoteRef = EE6A690A21E6205200B57CC2 /* PBXContainerItemProxy */;
			sourceTree = BUILT_PRODUCTS_DIR;
		};
		EE6A690D21E6205200B57CC2 /* FlowplayerTests.xctest */ = {
			isa = PBXReferenceProxy;
			fileType = wrapper.cfbundle;
			path = FlowplayerTests.xctest;
			remoteRef = EE6A690C21E6205200B57CC2 /* PBXContainerItemProxy */;
			sourceTree = BUILT_PRODUCTS_DIR;
		};
/* End PBXReferenceProxy section */

/* Begin PBXResourcesBuildPhase section */
		EEADF4EB21E4DF4F000978C2 /* Resources */ = {
			isa = PBXResourcesBuildPhase;
			buildActionMask = 2147483647;
			files = (
				EEADF4FB21E4DF51000978C2 /* LaunchScreen.storyboard in Resources */,
				EEADF4F821E4DF51000978C2 /* Assets.xcassets in Resources */,
				EEADF4F621E4DF4F000978C2 /* Main.storyboard in Resources */,
			);
			runOnlyForDeploymentPostprocessing = 0;
		};
/* End PBXResourcesBuildPhase section */

/* Begin PBXSourcesBuildPhase section */
		EEADF4E921E4DF4F000978C2 /* Sources */ = {
			isa = PBXSourcesBuildPhase;
			buildActionMask = 2147483647;
			files = (
				EEADF4F321E4DF4F000978C2 /* ViewController.swift in Sources */,
				EEADF4F121E4DF4F000978C2 /* AppDelegate.swift in Sources */,
			);
			runOnlyForDeploymentPostprocessing = 0;
		};
/* End PBXSourcesBuildPhase section */

/* Begin PBXTargetDependency section */
		EE6A691121E6205B00B57CC2 /* PBXTargetDependency */ = {
			isa = PBXTargetDependency;
			name = Flowplayer;
			targetProxy = EE6A691021E6205B00B57CC2 /* PBXContainerItemProxy */;
		};
/* End PBXTargetDependency section */

/* Begin PBXVariantGroup section */
		EEADF4F421E4DF4F000978C2 /* Main.storyboard */ = {
			isa = PBXVariantGroup;
			children = (
				EEADF4F521E4DF4F000978C2 /* Base */,
			);
			name = Main.storyboard;
			sourceTree = "<group>";
		};
		EEADF4F921E4DF51000978C2 /* LaunchScreen.storyboard */ = {
			isa = PBXVariantGroup;
			children = (
				EEADF4FA21E4DF51000978C2 /* Base */,
			);
			name = LaunchScreen.storyboard;
			sourceTree = "<group>";
		};
/* End PBXVariantGroup section */

/* Begin XCBuildConfiguration section */
		EEADF4FD21E4DF51000978C2 /* Debug */ = {
			isa = XCBuildConfiguration;
			buildSettings = {
				ALWAYS_SEARCH_USER_PATHS = NO;
				CLANG_ANALYZER_NONNULL = YES;
				CLANG_ANALYZER_NUMBER_OBJECT_CONVERSION = YES_AGGRESSIVE;
				CLANG_CXX_LANGUAGE_STANDARD = "gnu++14";
				CLANG_CXX_LIBRARY = "libc++";
				CLANG_ENABLE_MODULES = YES;
				CLANG_ENABLE_OBJC_ARC = YES;
				CLANG_ENABLE_OBJC_WEAK = YES;
				CLANG_WARN_BLOCK_CAPTURE_AUTORELEASING = YES;
				CLANG_WARN_BOOL_CONVERSION = YES;
				CLANG_WARN_COMMA = YES;
				CLANG_WARN_CONSTANT_CONVERSION = YES;
				CLANG_WARN_DEPRECATED_OBJC_IMPLEMENTATIONS = YES;
				CLANG_WARN_DIRECT_OBJC_ISA_USAGE = YES_ERROR;
				CLANG_WARN_DOCUMENTATION_COMMENTS = YES;
				CLANG_WARN_EMPTY_BODY = YES;
				CLANG_WARN_ENUM_CONVERSION = YES;
				CLANG_WARN_INFINITE_RECURSION = YES;
				CLANG_WARN_INT_CONVERSION = YES;
				CLANG_WARN_NON_LITERAL_NULL_CONVERSION = YES;
				CLANG_WARN_OBJC_IMPLICIT_RETAIN_SELF = YES;
				CLANG_WARN_OBJC_LITERAL_CONVERSION = YES;
				CLANG_WARN_OBJC_ROOT_CLASS = YES_ERROR;
				CLANG_WARN_RANGE_LOOP_ANALYSIS = YES;
				CLANG_WARN_STRICT_PROTOTYPES = YES;
				CLANG_WARN_SUSPICIOUS_MOVE = YES;
				CLANG_WARN_UNGUARDED_AVAILABILITY = YES_AGGRESSIVE;
				CLANG_WARN_UNREACHABLE_CODE = YES;
				CLANG_WARN__DUPLICATE_METHOD_MATCH = YES;
				CODE_SIGN_IDENTITY = "iPhone Developer";
				COPY_PHASE_STRIP = NO;
				DEBUG_INFORMATION_FORMAT = dwarf;
				ENABLE_STRICT_OBJC_MSGSEND = YES;
				ENABLE_TESTABILITY = YES;
				GCC_C_LANGUAGE_STANDARD = gnu11;
				GCC_DYNAMIC_NO_PIC = NO;
				GCC_NO_COMMON_BLOCKS = YES;
				GCC_OPTIMIZATION_LEVEL = 0;
				GCC_PREPROCESSOR_DEFINITIONS = (
					"DEBUG=1",
					"$(inherited)",
				);
				GCC_WARN_64_TO_32_BIT_CONVERSION = YES;
				GCC_WARN_ABOUT_RETURN_TYPE = YES_ERROR;
				GCC_WARN_UNDECLARED_SELECTOR = YES;
				GCC_WARN_UNINITIALIZED_AUTOS = YES_AGGRESSIVE;
				GCC_WARN_UNUSED_FUNCTION = YES;
				GCC_WARN_UNUSED_VARIABLE = YES;
				IPHONEOS_DEPLOYMENT_TARGET = 12.1;
				MTL_ENABLE_DEBUG_INFO = INCLUDE_SOURCE;
				MTL_FAST_MATH = YES;
				ONLY_ACTIVE_ARCH = YES;
				SDKROOT = iphoneos;
				SWIFT_ACTIVE_COMPILATION_CONDITIONS = DEBUG;
				SWIFT_OPTIMIZATION_LEVEL = "-Onone";
			};
			name = Debug;
		};
		EEADF4FE21E4DF51000978C2 /* Release */ = {
			isa = XCBuildConfiguration;
			buildSettings = {
				ALWAYS_SEARCH_USER_PATHS = NO;
				CLANG_ANALYZER_NONNULL = YES;
				CLANG_ANALYZER_NUMBER_OBJECT_CONVERSION = YES_AGGRESSIVE;
				CLANG_CXX_LANGUAGE_STANDARD = "gnu++14";
				CLANG_CXX_LIBRARY = "libc++";
				CLANG_ENABLE_MODULES = YES;
				CLANG_ENABLE_OBJC_ARC = YES;
				CLANG_ENABLE_OBJC_WEAK = YES;
				CLANG_WARN_BLOCK_CAPTURE_AUTORELEASING = YES;
				CLANG_WARN_BOOL_CONVERSION = YES;
				CLANG_WARN_COMMA = YES;
				CLANG_WARN_CONSTANT_CONVERSION = YES;
				CLANG_WARN_DEPRECATED_OBJC_IMPLEMENTATIONS = YES;
				CLANG_WARN_DIRECT_OBJC_ISA_USAGE = YES_ERROR;
				CLANG_WARN_DOCUMENTATION_COMMENTS = YES;
				CLANG_WARN_EMPTY_BODY = YES;
				CLANG_WARN_ENUM_CONVERSION = YES;
				CLANG_WARN_INFINITE_RECURSION = YES;
				CLANG_WARN_INT_CONVERSION = YES;
				CLANG_WARN_NON_LITERAL_NULL_CONVERSION = YES;
				CLANG_WARN_OBJC_IMPLICIT_RETAIN_SELF = YES;
				CLANG_WARN_OBJC_LITERAL_CONVERSION = YES;
				CLANG_WARN_OBJC_ROOT_CLASS = YES_ERROR;
				CLANG_WARN_RANGE_LOOP_ANALYSIS = YES;
				CLANG_WARN_STRICT_PROTOTYPES = YES;
				CLANG_WARN_SUSPICIOUS_MOVE = YES;
				CLANG_WARN_UNGUARDED_AVAILABILITY = YES_AGGRESSIVE;
				CLANG_WARN_UNREACHABLE_CODE = YES;
				CLANG_WARN__DUPLICATE_METHOD_MATCH = YES;
				CODE_SIGN_IDENTITY = "iPhone Developer";
				COPY_PHASE_STRIP = NO;
				DEBUG_INFORMATION_FORMAT = "dwarf-with-dsym";
				ENABLE_NS_ASSERTIONS = NO;
				ENABLE_STRICT_OBJC_MSGSEND = YES;
				GCC_C_LANGUAGE_STANDARD = gnu11;
				GCC_NO_COMMON_BLOCKS = YES;
				GCC_WARN_64_TO_32_BIT_CONVERSION = YES;
				GCC_WARN_ABOUT_RETURN_TYPE = YES_ERROR;
				GCC_WARN_UNDECLARED_SELECTOR = YES;
				GCC_WARN_UNINITIALIZED_AUTOS = YES_AGGRESSIVE;
				GCC_WARN_UNUSED_FUNCTION = YES;
				GCC_WARN_UNUSED_VARIABLE = YES;
				IPHONEOS_DEPLOYMENT_TARGET = 12.1;
				MTL_ENABLE_DEBUG_INFO = NO;
				MTL_FAST_MATH = YES;
				SDKROOT = iphoneos;
				SWIFT_COMPILATION_MODE = wholemodule;
				SWIFT_OPTIMIZATION_LEVEL = "-O";
				VALIDATE_PRODUCT = YES;
			};
			name = Release;
		};
		EEADF50021E4DF51000978C2 /* Debug */ = {
			isa = XCBuildConfiguration;
			buildSettings = {
				ASSETCATALOG_COMPILER_APPICON_NAME = AppIcon;
				CODE_SIGN_STYLE = Automatic;
				DEVELOPMENT_TEAM = 4TE9H8YL4V;
				INFOPLIST_FILE = "Flowplayer-swift-example/Info.plist";
				LD_RUNPATH_SEARCH_PATHS = (
					"$(inherited)",
					"@executable_path/Frameworks",
				);
				PRODUCT_BUNDLE_IDENTIFIER = "com.appshack.Flowplayer-swift-example";
				PRODUCT_NAME = "$(TARGET_NAME)";
				SWIFT_VERSION = 4.2;
				TARGETED_DEVICE_FAMILY = "1,2";
			};
			name = Debug;
		};
		EEADF50121E4DF51000978C2 /* Release */ = {
			isa = XCBuildConfiguration;
			buildSettings = {
				ASSETCATALOG_COMPILER_APPICON_NAME = AppIcon;
				CODE_SIGN_STYLE = Automatic;
				DEVELOPMENT_TEAM = 4TE9H8YL4V;
				INFOPLIST_FILE = "Flowplayer-swift-example/Info.plist";
				LD_RUNPATH_SEARCH_PATHS = (
					"$(inherited)",
					"@executable_path/Frameworks",
				);
				PRODUCT_BUNDLE_IDENTIFIER = "com.appshack.Flowplayer-swift-example";
				PRODUCT_NAME = "$(TARGET_NAME)";
				SWIFT_VERSION = 4.2;
				TARGETED_DEVICE_FAMILY = "1,2";
			};
			name = Release;
		};
/* End XCBuildConfiguration section */

/* Begin XCConfigurationList section */
		EEADF4E821E4DF4F000978C2 /* Build configuration list for PBXProject "Flowplayer-swift-example" */ = {
			isa = XCConfigurationList;
			buildConfigurations = (
				EEADF4FD21E4DF51000978C2 /* Debug */,
				EEADF4FE21E4DF51000978C2 /* Release */,
			);
			defaultConfigurationIsVisible = 0;
			defaultConfigurationName = Release;
		};
		EEADF4FF21E4DF51000978C2 /* Build configuration list for PBXNativeTarget "Flowplayer-swift-example" */ = {
			isa = XCConfigurationList;
			buildConfigurations = (
				EEADF50021E4DF51000978C2 /* Debug */,
				EEADF50121E4DF51000978C2 /* Release */,
			);
			defaultConfigurationIsVisible = 0;
			defaultConfigurationName = Release;
		};
/* End XCConfigurationList section */
	};
	rootObject = EEADF4E521E4DF4F000978C2 /* Project object */;
}
